// !$*UTF8*$!
{
	archiveVersion = 1;
	classes = {
	};
	objectVersion = 50;
	objects = {

/* Begin PBXBuildFile section */
		9E0C85E8E29B679316458D0E /* Pods_RxSwiftReview.framework in Frameworks */ = {isa = PBXBuildFile; fileRef = 09C54F1A80036DB568BF0207 /* Pods_RxSwiftReview.framework */; };
		B4B3AF3520DB7F9E00269D38 /* AppDelegate.swift in Sources */ = {isa = PBXBuildFile; fileRef = B4B3AF3420DB7F9E00269D38 /* AppDelegate.swift */; };
		B4B3AF3720DB7F9E00269D38 /* ViewController.swift in Sources */ = {isa = PBXBuildFile; fileRef = B4B3AF3620DB7F9E00269D38 /* ViewController.swift */; };
		B4B3AF3A20DB7F9E00269D38 /* Main.storyboard in Resources */ = {isa = PBXBuildFile; fileRef = B4B3AF3820DB7F9E00269D38 /* Main.storyboard */; };
		B4B3AF3C20DB7FA000269D38 /* Assets.xcassets in Resources */ = {isa = PBXBuildFile; fileRef = B4B3AF3B20DB7FA000269D38 /* Assets.xcassets */; };
		B4B3AF3F20DB7FA100269D38 /* LaunchScreen.storyboard in Resources */ = {isa = PBXBuildFile; fileRef = B4B3AF3D20DB7FA100269D38 /* LaunchScreen.storyboard */; };
/* End PBXBuildFile section */

/* Begin PBXFileReference section */
		09C54F1A80036DB568BF0207 /* Pods_RxSwiftReview.framework */ = {isa = PBXFileReference; explicitFileType = wrapper.framework; includeInIndex = 0; path = Pods_RxSwiftReview.framework; sourceTree = BUILT_PRODUCTS_DIR; };
		23FE73717876E7CA04786D97 /* Pods-RxSwiftReview.debug.xcconfig */ = {isa = PBXFileReference; includeInIndex = 1; lastKnownFileType = text.xcconfig; name = "Pods-RxSwiftReview.debug.xcconfig"; path = "Pods/Target Support Files/Pods-RxSwiftReview/Pods-RxSwiftReview.debug.xcconfig"; sourceTree = "<group>"; };
		2D75A68DCEAF60FDC4A0540D /* Pods-RxSwiftReview.release.xcconfig */ = {isa = PBXFileReference; includeInIndex = 1; lastKnownFileType = text.xcconfig; name = "Pods-RxSwiftReview.release.xcconfig"; path = "Pods/Target Support Files/Pods-RxSwiftReview/Pods-RxSwiftReview.release.xcconfig"; sourceTree = "<group>"; };
		B4B3AF3120DB7F9E00269D38 /* RxSwiftReview.app */ = {isa = PBXFileReference; explicitFileType = wrapper.application; includeInIndex = 0; path = RxSwiftReview.app; sourceTree = BUILT_PRODUCTS_DIR; };
		B4B3AF3420DB7F9E00269D38 /* AppDelegate.swift */ = {isa = PBXFileReference; lastKnownFileType = sourcecode.swift; path = AppDelegate.swift; sourceTree = "<group>"; };
		B4B3AF3620DB7F9E00269D38 /* ViewController.swift */ = {isa = PBXFileReference; lastKnownFileType = sourcecode.swift; path = ViewController.swift; sourceTree = "<group>"; };
		B4B3AF3920DB7F9E00269D38 /* Base */ = {isa = PBXFileReference; lastKnownFileType = file.storyboard; name = Base; path = Base.lproj/Main.storyboard; sourceTree = "<group>"; };
		B4B3AF3B20DB7FA000269D38 /* Assets.xcassets */ = {isa = PBXFileReference; lastKnownFileType = folder.assetcatalog; path = Assets.xcassets; sourceTree = "<group>"; };
		B4B3AF3E20DB7FA100269D38 /* Base */ = {isa = PBXFileReference; lastKnownFileType = file.storyboard; name = Base; path = Base.lproj/LaunchScreen.storyboard; sourceTree = "<group>"; };
		B4B3AF4020DB7FA100269D38 /* Info.plist */ = {isa = PBXFileReference; lastKnownFileType = text.plist.xml; path = Info.plist; sourceTree = "<group>"; };
/* End PBXFileReference section */

/* Begin PBXFrameworksBuildPhase section */
		B4B3AF2E20DB7F9E00269D38 /* Frameworks */ = {
			isa = PBXFrameworksBuildPhase;
			buildActionMask = 2147483647;
			files = (
				9E0C85E8E29B679316458D0E /* Pods_RxSwiftReview.framework in Frameworks */,
			);
			runOnlyForDeploymentPostprocessing = 0;
		};
/* End PBXFrameworksBuildPhase section */

/* Begin PBXGroup section */
		6E786D577C64C75701D00374 /* Pods */ = {
			isa = PBXGroup;
			children = (
				23FE73717876E7CA04786D97 /* Pods-RxSwiftReview.debug.xcconfig */,
				2D75A68DCEAF60FDC4A0540D /* Pods-RxSwiftReview.release.xcconfig */,
			);
			name = Pods;
			sourceTree = "<group>";
		};
		8428DB1A159AF630A84ED3B8 /* Frameworks */ = {
			isa = PBXGroup;
			children = (
				09C54F1A80036DB568BF0207 /* Pods_RxSwiftReview.framework */,
			);
			name = Frameworks;
			sourceTree = "<group>";
		};
		B4481FFF20DCE3D4001CF347 /* Supporting Files */ = {
			isa = PBXGroup;
			children = (
				B4B3AF3420DB7F9E00269D38 /* AppDelegate.swift */,
				B4B3AF3B20DB7FA000269D38 /* Assets.xcassets */,
				B4B3AF4020DB7FA100269D38 /* Info.plist */,
			);
			path = "Supporting Files";
			sourceTree = "<group>";
		};
		B448200020DCE435001CF347 /* StoryBoard */ = {
			isa = PBXGroup;
			children = (
				B4B3AF3820DB7F9E00269D38 /* Main.storyboard */,
				B4B3AF3D20DB7FA100269D38 /* LaunchScreen.storyboard */,
			);
			path = StoryBoard;
			sourceTree = "<group>";
		};
		B448200120DCE478001CF347 /* Class */ = {
			isa = PBXGroup;
			children = (
				B448200220DCE484001CF347 /* ViewController */,
			);
			path = Class;
			sourceTree = "<group>";
		};
		B448200220DCE484001CF347 /* ViewController */ = {
			isa = PBXGroup;
			children = (
				B4B3AF3620DB7F9E00269D38 /* ViewController.swift */,
			);
			path = ViewController;
			sourceTree = "<group>";
		};
		B4B3AF2820DB7F9E00269D38 = {
			isa = PBXGroup;
			children = (
				B4B3AF3320DB7F9E00269D38 /* RxSwiftReview */,
				B4B3AF3220DB7F9E00269D38 /* Products */,
				6E786D577C64C75701D00374 /* Pods */,
				8428DB1A159AF630A84ED3B8 /* Frameworks */,
			);
			sourceTree = "<group>";
		};
		B4B3AF3220DB7F9E00269D38 /* Products */ = {
			isa = PBXGroup;
			children = (
				B4B3AF3120DB7F9E00269D38 /* RxSwiftReview.app */,
			);
			name = Products;
			sourceTree = "<group>";
		};
		B4B3AF3320DB7F9E00269D38 /* RxSwiftReview */ = {
			isa = PBXGroup;
			children = (
				B448200120DCE478001CF347 /* Class */,
				B448200020DCE435001CF347 /* StoryBoard */,
				B4481FFF20DCE3D4001CF347 /* Supporting Files */,
			);
			path = RxSwiftReview;
			sourceTree = "<group>";
		};
/* End PBXGroup section */

/* Begin PBXNativeTarget section */
		B4B3AF3020DB7F9E00269D38 /* RxSwiftReview */ = {
			isa = PBXNativeTarget;
			buildConfigurationList = B4B3AF4320DB7FA100269D38 /* Build configuration list for PBXNativeTarget "RxSwiftReview" */;
			buildPhases = (
				F734446AA0D6FB05C6CBFBDA /* [CP] Check Pods Manifest.lock */,
				B4B3AF2D20DB7F9E00269D38 /* Sources */,
				B4B3AF2E20DB7F9E00269D38 /* Frameworks */,
				B4B3AF2F20DB7F9E00269D38 /* Resources */,
				BA87CAD298C2C5B23B4B7965 /* [CP] Embed Pods Frameworks */,
			);
			buildRules = (
			);
			dependencies = (
			);
			name = RxSwiftReview;
			productName = RxSwiftReview;
			productReference = B4B3AF3120DB7F9E00269D38 /* RxSwiftReview.app */;
			productType = "com.apple.product-type.application";
		};
/* End PBXNativeTarget section */

/* Begin PBXProject section */
		B4B3AF2920DB7F9E00269D38 /* Project object */ = {
			isa = PBXProject;
			attributes = {
				LastSwiftUpdateCheck = 0930;
				LastUpgradeCheck = 0930;
				ORGANIZATIONNAME = arther;
				TargetAttributes = {
					B4B3AF3020DB7F9E00269D38 = {
						CreatedOnToolsVersion = 9.3;
					};
				};
			};
			buildConfigurationList = B4B3AF2C20DB7F9E00269D38 /* Build configuration list for PBXProject "RxSwiftReview" */;
			compatibilityVersion = "Xcode 9.3";
			developmentRegion = en;
			hasScannedForEncodings = 0;
			knownRegions = (
				en,
				Base,
			);
			mainGroup = B4B3AF2820DB7F9E00269D38;
			productRefGroup = B4B3AF3220DB7F9E00269D38 /* Products */;
			projectDirPath = "";
			projectRoot = "";
			targets = (
				B4B3AF3020DB7F9E00269D38 /* RxSwiftReview */,
			);
		};
/* End PBXProject section */

/* Begin PBXResourcesBuildPhase section */
		B4B3AF2F20DB7F9E00269D38 /* Resources */ = {
			isa = PBXResourcesBuildPhase;
			buildActionMask = 2147483647;
			files = (
				B4B3AF3F20DB7FA100269D38 /* LaunchScreen.storyboard in Resources */,
				B4B3AF3C20DB7FA000269D38 /* Assets.xcassets in Resources */,
				B4B3AF3A20DB7F9E00269D38 /* Main.storyboard in Resources */,
			);
			runOnlyForDeploymentPostprocessing = 0;
		};
/* End PBXResourcesBuildPhase section */

/* Begin PBXShellScriptBuildPhase section */
		BA87CAD298C2C5B23B4B7965 /* [CP] Embed Pods Frameworks */ = {
			isa = PBXShellScriptBuildPhase;
			buildActionMask = 2147483647;
			files = (
			);
			inputPaths = (
				"${SRCROOT}/Pods/Target Support Files/Pods-RxSwiftReview/Pods-RxSwiftReview-frameworks.sh",
				"${BUILT_PRODUCTS_DIR}/RxCocoa/RxCocoa.framework",
				"${BUILT_PRODUCTS_DIR}/RxSwift/RxSwift.framework",
			);
			name = "[CP] Embed Pods Frameworks";
			outputPaths = (
				"${TARGET_BUILD_DIR}/${FRAMEWORKS_FOLDER_PATH}/RxCocoa.framework",
				"${TARGET_BUILD_DIR}/${FRAMEWORKS_FOLDER_PATH}/RxSwift.framework",
			);
			runOnlyForDeploymentPostprocessing = 0;
			shellPath = /bin/sh;
			shellScript = "\"${SRCROOT}/Pods/Target Support Files/Pods-RxSwiftReview/Pods-RxSwiftReview-frameworks.sh\"\n";
			showEnvVarsInLog = 0;
		};
		F734446AA0D6FB05C6CBFBDA /* [CP] Check Pods Manifest.lock */ = {
			isa = PBXShellScriptBuildPhase;
			buildActionMask = 2147483647;
			files = (
			);
			inputPaths = (
				"${PODS_PODFILE_DIR_PATH}/Podfile.lock",
				"${PODS_ROOT}/Manifest.lock",
			);
			name = "[CP] Check Pods Manifest.lock";
			outputPaths = (
				"$(DERIVED_FILE_DIR)/Pods-RxSwiftReview-checkManifestLockResult.txt",
			);
			runOnlyForDeploymentPostprocessing = 0;
			shellPath = /bin/sh;
			shellScript = "diff \"${PODS_PODFILE_DIR_PATH}/Podfile.lock\" \"${PODS_ROOT}/Manifest.lock\" > /dev/null\nif [ $? != 0 ] ; then\n    # print error to STDERR\n    echo \"error: The sandbox is not in sync with the Podfile.lock. Run 'pod install' or update your CocoaPods installation.\" >&2\n    exit 1\nfi\n# This output is used by Xcode 'outputs' to avoid re-running this script phase.\necho \"SUCCESS\" > \"${SCRIPT_OUTPUT_FILE_0}\"\n";
			showEnvVarsInLog = 0;
		};
/* End PBXShellScriptBuildPhase section */

/* Begin PBXSourcesBuildPhase section */
		B4B3AF2D20DB7F9E00269D38 /* Sources */ = {
			isa = PBXSourcesBuildPhase;
			buildActionMask = 2147483647;
			files = (
				B4B3AF3720DB7F9E00269D38 /* ViewController.swift in Sources */,
				B4B3AF3520DB7F9E00269D38 /* AppDelegate.swift in Sources */,
			);
			runOnlyForDeploymentPostprocessing = 0;
		};
/* End PBXSourcesBuildPhase section */

/* Begin PBXVariantGroup section */
		B4B3AF3820DB7F9E00269D38 /* Main.storyboard */ = {
			isa = PBXVariantGroup;
			children = (
				B4B3AF3920DB7F9E00269D38 /* Base */,
			);
			name = Main.storyboard;
			sourceTree = "<group>";
		};
		B4B3AF3D20DB7FA100269D38 /* LaunchScreen.storyboard */ = {
			isa = PBXVariantGroup;
			children = (
				B4B3AF3E20DB7FA100269D38 /* Base */,
			);
			name = LaunchScreen.storyboard;
			sourceTree = "<group>";
		};
/* End PBXVariantGroup section */

/* Begin XCBuildConfiguration section */
		B4B3AF4120DB7FA100269D38 /* Debug */ = {
			isa = XCBuildConfiguration;
			buildSettings = {
				ALWAYS_SEARCH_USER_PATHS = NO;
				CLANG_ANALYZER_NONNULL = YES;
				CLANG_ANALYZER_NUMBER_OBJECT_CONVERSION = YES_AGGRESSIVE;
				CLANG_CXX_LANGUAGE_STANDARD = "gnu++14";
				CLANG_CXX_LIBRARY = "libc++";
				CLANG_ENABLE_MODULES = YES;
				CLANG_ENABLE_OBJC_ARC = YES;
				CLANG_ENABLE_OBJC_WEAK = YES;
				CLANG_WARN_BLOCK_CAPTURE_AUTORELEASING = YES;
				CLANG_WARN_BOOL_CONVERSION = YES;
				CLANG_WARN_COMMA = YES;
				CLANG_WARN_CONSTANT_CONVERSION = YES;
				CLANG_WARN_DEPRECATED_OBJC_IMPLEMENTATIONS = YES;
				CLANG_WARN_DIRECT_OBJC_ISA_USAGE = YES_ERROR;
				CLANG_WARN_DOCUMENTATION_COMMENTS = YES;
				CLANG_WARN_EMPTY_BODY = YES;
				CLANG_WARN_ENUM_CONVERSION = YES;
				CLANG_WARN_INFINITE_RECURSION = YES;
				CLANG_WARN_INT_CONVERSION = YES;
				CLANG_WARN_NON_LITERAL_NULL_CONVERSION = YES;
				CLANG_WARN_OBJC_IMPLICIT_RETAIN_SELF = YES;
				CLANG_WARN_OBJC_LITERAL_CONVERSION = YES;
				CLANG_WARN_OBJC_ROOT_CLASS = YES_ERROR;
				CLANG_WARN_RANGE_LOOP_ANALYSIS = YES;
				CLANG_WARN_STRICT_PROTOTYPES = YES;
				CLANG_WARN_SUSPICIOUS_MOVE = YES;
				CLANG_WARN_UNGUARDED_AVAILABILITY = YES_AGGRESSIVE;
				CLANG_WARN_UNREACHABLE_CODE = YES;
				CLANG_WARN__DUPLICATE_METHOD_MATCH = YES;
				CODE_SIGN_IDENTITY = "iPhone Developer";
				COPY_PHASE_STRIP = NO;
				DEBUG_INFORMATION_FORMAT = dwarf;
				ENABLE_STRICT_OBJC_MSGSEND = YES;
				ENABLE_TESTABILITY = YES;
				GCC_C_LANGUAGE_STANDARD = gnu11;
				GCC_DYNAMIC_NO_PIC = NO;
				GCC_NO_COMMON_BLOCKS = YES;
				GCC_OPTIMIZATION_LEVEL = 0;
				GCC_PREPROCESSOR_DEFINITIONS = (
					"DEBUG=1",
					"$(inherited)",
				);
				GCC_WARN_64_TO_32_BIT_CONVERSION = YES;
				GCC_WARN_ABOUT_RETURN_TYPE = YES_ERROR;
				GCC_WARN_UNDECLARED_SELECTOR = YES;
				GCC_WARN_UNINITIALIZED_AUTOS = YES_AGGRESSIVE;
				GCC_WARN_UNUSED_FUNCTION = YES;
				GCC_WARN_UNUSED_VARIABLE = YES;
				IPHONEOS_DEPLOYMENT_TARGET = 11.3;
				MTL_ENABLE_DEBUG_INFO = YES;
				ONLY_ACTIVE_ARCH = YES;
				SDKROOT = iphoneos;
				SWIFT_ACTIVE_COMPILATION_CONDITIONS = DEBUG;
				SWIFT_OPTIMIZATION_LEVEL = "-Onone";
			};
			name = Debug;
		};
		B4B3AF4220DB7FA100269D38 /* Release */ = {
			isa = XCBuildConfiguration;
			buildSettings = {
				ALWAYS_SEARCH_USER_PATHS = NO;
				CLANG_ANALYZER_NONNULL = YES;
				CLANG_ANALYZER_NUMBER_OBJECT_CONVERSION = YES_AGGRESSIVE;
				CLANG_CXX_LANGUAGE_STANDARD = "gnu++14";
				CLANG_CXX_LIBRARY = "libc++";
				CLANG_ENABLE_MODULES = YES;
				CLANG_ENABLE_OBJC_ARC = YES;
				CLANG_ENABLE_OBJC_WEAK = YES;
				CLANG_WARN_BLOCK_CAPTURE_AUTORELEASING = YES;
				CLANG_WARN_BOOL_CONVERSION = YES;
				CLANG_WARN_COMMA = YES;
				CLANG_WARN_CONSTANT_CONVERSION = YES;
				CLANG_WARN_DEPRECATED_OBJC_IMPLEMENTATIONS = YES;
				CLANG_WARN_DIRECT_OBJC_ISA_USAGE = YES_ERROR;
				CLANG_WARN_DOCUMENTATION_COMMENTS = YES;
				CLANG_WARN_EMPTY_BODY = YES;
				CLANG_WARN_ENUM_CONVERSION = YES;
				CLANG_WARN_INFINITE_RECURSION = YES;
				CLANG_WARN_INT_CONVERSION = YES;
				CLANG_WARN_NON_LITERAL_NULL_CONVERSION = YES;
				CLANG_WARN_OBJC_IMPLICIT_RETAIN_SELF = YES;
				CLANG_WARN_OBJC_LITERAL_CONVERSION = YES;
				CLANG_WARN_OBJC_ROOT_CLASS = YES_ERROR;
				CLANG_WARN_RANGE_LOOP_ANALYSIS = YES;
				CLANG_WARN_STRICT_PROTOTYPES = YES;
				CLANG_WARN_SUSPICIOUS_MOVE = YES;
				CLANG_WARN_UNGUARDED_AVAILABILITY = YES_AGGRESSIVE;
				CLANG_WARN_UNREACHABLE_CODE = YES;
				CLANG_WARN__DUPLICATE_METHOD_MATCH = YES;
				CODE_SIGN_IDENTITY = "iPhone Developer";
				COPY_PHASE_STRIP = NO;
				DEBUG_INFORMATION_FORMAT = "dwarf-with-dsym";
				ENABLE_NS_ASSERTIONS = NO;
				ENABLE_STRICT_OBJC_MSGSEND = YES;
				GCC_C_LANGUAGE_STANDARD = gnu11;
				GCC_NO_COMMON_BLOCKS = YES;
				GCC_WARN_64_TO_32_BIT_CONVERSION = YES;
				GCC_WARN_ABOUT_RETURN_TYPE = YES_ERROR;
				GCC_WARN_UNDECLARED_SELECTOR = YES;
				GCC_WARN_UNINITIALIZED_AUTOS = YES_AGGRESSIVE;
				GCC_WARN_UNUSED_FUNCTION = YES;
				GCC_WARN_UNUSED_VARIABLE = YES;
				IPHONEOS_DEPLOYMENT_TARGET = 11.3;
				MTL_ENABLE_DEBUG_INFO = NO;
				SDKROOT = iphoneos;
				SWIFT_COMPILATION_MODE = wholemodule;
				SWIFT_OPTIMIZATION_LEVEL = "-O";
				VALIDATE_PRODUCT = YES;
			};
			name = Release;
		};
		B4B3AF4420DB7FA100269D38 /* Debug */ = {
			isa = XCBuildConfiguration;
			baseConfigurationReference = 23FE73717876E7CA04786D97 /* Pods-RxSwiftReview.debug.xcconfig */;
			buildSettings = {
				ASSETCATALOG_COMPILER_APPICON_NAME = AppIcon;
				CODE_SIGN_STYLE = Automatic;
				DEVELOPMENT_TEAM = X293M59WA5;
				INFOPLIST_FILE = "RxSwiftReview/Supporting Files/Info.plist";
				IPHONEOS_DEPLOYMENT_TARGET = 9.0;
				LD_RUNPATH_SEARCH_PATHS = (
					"$(inherited)",
					"@executable_path/Frameworks",
				);
				PRODUCT_BUNDLE_IDENTIFIER = com.github.553559555.RxSwiftReview;
				PRODUCT_NAME = "$(TARGET_NAME)";
				SWIFT_VERSION = 4.0;
				TARGETED_DEVICE_FAMILY = "1,2";
			};
			name = Debug;
		};
		B4B3AF4520DB7FA100269D38 /* Release */ = {
			isa = XCBuildConfiguration;
			baseConfigurationReference = 2D75A68DCEAF60FDC4A0540D /* Pods-RxSwiftReview.release.xcconfig */;
			buildSettings = {
				ASSETCATALOG_COMPILER_APPICON_NAME = AppIcon;
				CODE_SIGN_STYLE = Automatic;
				DEVELOPMENT_TEAM = X293M59WA5;
				INFOPLIST_FILE = "RxSwiftReview/Supporting Files/Info.plist";
				IPHONEOS_DEPLOYMENT_TARGET = 9.0;
				LD_RUNPATH_SEARCH_PATHS = (
					"$(inherited)",
					"@executable_path/Frameworks",
				);
				PRODUCT_BUNDLE_IDENTIFIER = com.github.553559555.RxSwiftReview;
				PRODUCT_NAME = "$(TARGET_NAME)";
				SWIFT_VERSION = 4.0;
				TARGETED_DEVICE_FAMILY = "1,2";
			};
			name = Release;
		};
/* End XCBuildConfiguration section */

/* Begin XCConfigurationList section */
		B4B3AF2C20DB7F9E00269D38 /* Build configuration list for PBXProject "RxSwiftReview" */ = {
			isa = XCConfigurationList;
			buildConfigurations = (
				B4B3AF4120DB7FA100269D38 /* Debug */,
				B4B3AF4220DB7FA100269D38 /* Release */,
			);
			defaultConfigurationIsVisible = 0;
			defaultConfigurationName = Release;
		};
		B4B3AF4320DB7FA100269D38 /* Build configuration list for PBXNativeTarget "RxSwiftReview" */ = {
			isa = XCConfigurationList;
			buildConfigurations = (
				B4B3AF4420DB7FA100269D38 /* Debug */,
				B4B3AF4520DB7FA100269D38 /* Release */,
			);
			defaultConfigurationIsVisible = 0;
			defaultConfigurationName = Release;
		};
/* End XCConfigurationList section */
	};
	rootObject = B4B3AF2920DB7F9E00269D38 /* Project object */;
}
